{
  "requires": true,
  "lockfileVersion": 1,
  "dependencies": {
    "fullcalendar": {
      "version": "3.10.1",
      "resolved": "https://registry.npmjs.org/fullcalendar/-/fullcalendar-3.10.1.tgz",
      "integrity": "sha512-E0ioaHVmwdS4es8pNTUNva7505wPkUMFdn9JGFLYo+J12ARhN3zDBwoPj2DfB8rL7Yc1sSve+FqDHC3s2SZ7Fw=="
    }
  }
}
